
Microsoft Visual Studio Solution File, Format Version 12.00
# Visual Studio 15
Project("{FAE04EC0-301F-11D3-BF4B-00C04F79EFBC}") = "CyclicRotation", "CyclicRotation\CyclicRotation.csproj", "{E26392F2-1ABB-4829-865D-174040028BC3}"
EndProject
Global
	GlobalSection(SolutionConfigurationPlatforms) = preSolution
		Debug|x86 = Debug|x86
		Release|x86 = Release|x86
	EndGlobalSection
	GlobalSection(ProjectConfigurationPlatforms) = postSolution
		{E26392F2-1ABB-4829-865D-174040028BC3}.Debug|x86.ActiveCfg = Debug|x86
		{E26392F2-1ABB-4829-865D-174040028BC3}.Debug|x86.Build.0 = Debug|x86
		{E26392F2-1ABB-4829-865D-174040028BC3}.Release|x86.ActiveCfg = Release|x86
		{E26392F2-1ABB-4829-865D-174040028BC3}.Release|x86.Build.0 = Release|x86
	EndGlobalSection
EndGlobal
